
Microsoft Visual Studio Solution File, Format Version 12.00
# Visual Studio Version 16
VisualStudioVersion = 16.0.30503.244
MinimumVisualStudioVersion = 10.0.40219.1
Project("{FAE04EC0-301F-11D3-BF4B-00C04F79EFBC}") = "OnlyPlants", "OnlyPlants\OnlyPlants.csproj", "{9767CD91-C269-4972-9EE9-E9C676150F5B}"
EndProject
Global
	GlobalSection(SolutionConfigurationPlatforms) = preSolution
		Debug|Any CPU = Debug|Any CPU
		Release|Any CPU = Release|Any CPU
	EndGlobalSection
	GlobalSection(ProjectConfigurationPlatforms) = postSolution
		{9767CD91-C269-4972-9EE9-E9C676150F5B}.Debug|Any CPU.ActiveCfg = Debug|Any CPU
		{9767CD91-C269-4972-9EE9-E9C676150F5B}.Debug|Any CPU.Build.0 = Debug|Any CPU
		{9767CD91-C269-4972-9EE9-E9C676150F5B}.Release|Any CPU.ActiveCfg = Release|Any CPU
		{9767CD91-C269-4972-9EE9-E9C676150F5B}.Release|Any CPU.Build.0 = Release|Any CPU
	EndGlobalSection
	GlobalSection(SolutionProperties) = preSolution
		HideSolutionNode = FALSE
	EndGlobalSection
	GlobalSection(ExtensibilityGlobals) = postSolution
		SolutionGuid = {433497CE-698C-41E5-B913-37359AB2178B}
	EndGlobalSection
EndGlobal
